// !$*UTF8*$!
{
	archiveVersion = 1;
	classes = {
	};
	objectVersion = 46;
	objects = {

/* Begin PBXBuildFile section */
		A91D86831DAC7C1A00AF7342 /* KBView.h in Headers */ = {isa = PBXBuildFile; fileRef = A91D86821DAC7C1A00AF7342 /* KBView.h */; settings = {ATTRIBUTES = (Public, ); }; };
		A91D868A1DAC7C1A00AF7342 /* KBView.framework in Frameworks */ = {isa = PBXBuildFile; fileRef = A91D867F1DAC7C1A00AF7342 /* KBView.framework */; };
		A91D868F1DAC7C1A00AF7342 /* KBViewTests.m in Sources */ = {isa = PBXBuildFile; fileRef = A91D868E1DAC7C1A00AF7342 /* KBViewTests.m */; };
		A91D86A61DAC7D0800AF7342 /* KBButton.h in Headers */ = {isa = PBXBuildFile; fileRef = A91D86A41DAC7D0800AF7342 /* KBButton.h */; };
		A91D86A71DAC7D0800AF7342 /* KBButton.m in Sources */ = {isa = PBXBuildFile; fileRef = A91D86A51DAC7D0800AF7342 /* KBButton.m */; };
		A91D86AA1DAC87BE00AF7342 /* KBTestView.h in Headers */ = {isa = PBXBuildFile; fileRef = A91D86A81DAC87BE00AF7342 /* KBTestView.h */; };
		A91D86AB1DAC87BE00AF7342 /* KBTestView.m in Sources */ = {isa = PBXBuildFile; fileRef = A91D86A91DAC87BE00AF7342 /* KBTestView.m */; };
/* End PBXBuildFile section */

/* Begin PBXContainerItemProxy section */
		A91D868B1DAC7C1A00AF7342 /* PBXContainerItemProxy */ = {
			isa = PBXContainerItemProxy;
			containerPortal = A91D86761DAC7C1A00AF7342 /* Project object */;
			proxyType = 1;
			remoteGlobalIDString = A91D867E1DAC7C1A00AF7342;
			remoteInfo = KBView;
		};
/* End PBXContainerItemProxy section */

/* Begin PBXFileReference section */
		A91D867F1DAC7C1A00AF7342 /* KBView.framework */ = {isa = PBXFileReference; explicitFileType = wrapper.framework; includeInIndex = 0; path = KBView.framework; sourceTree = BUILT_PRODUCTS_DIR; };
		A91D86821DAC7C1A00AF7342 /* KBView.h */ = {isa = PBXFileReference; lastKnownFileType = sourcecode.c.h; path = KBView.h; sourceTree = "<group>"; };
		A91D86841DAC7C1A00AF7342 /* Info.plist */ = {isa = PBXFileReference; lastKnownFileType = text.plist.xml; path = Info.plist; sourceTree = "<group>"; };
		A91D86891DAC7C1A00AF7342 /* KBViewTests.xctest */ = {isa = PBXFileReference; explicitFileType = wrapper.cfbundle; includeInIndex = 0; path = KBViewTests.xctest; sourceTree = BUILT_PRODUCTS_DIR; };
		A91D868E1DAC7C1A00AF7342 /* KBViewTests.m */ = {isa = PBXFileReference; lastKnownFileType = sourcecode.c.objc; path = KBViewTests.m; sourceTree = "<group>"; };
		A91D86901DAC7C1A00AF7342 /* Info.plist */ = {isa = PBXFileReference; lastKnownFileType = text.plist.xml; path = Info.plist; sourceTree = "<group>"; };
		A91D86A41DAC7D0800AF7342 /* KBButton.h */ = {isa = PBXFileReference; fileEncoding = 4; lastKnownFileType = sourcecode.c.h; path = KBButton.h; sourceTree = "<group>"; };
		A91D86A51DAC7D0800AF7342 /* KBButton.m */ = {isa = PBXFileReference; fileEncoding = 4; lastKnownFileType = sourcecode.c.objc; path = KBButton.m; sourceTree = "<group>"; };
		A91D86A81DAC87BE00AF7342 /* KBTestView.h */ = {isa = PBXFileReference; fileEncoding = 4; lastKnownFileType = sourcecode.c.h; path = KBTestView.h; sourceTree = "<group>"; };
		A91D86A91DAC87BE00AF7342 /* KBTestView.m */ = {isa = PBXFileReference; fileEncoding = 4; lastKnownFileType = sourcecode.c.objc; path = KBTestView.m; sourceTree = "<group>"; };
/* End PBXFileReference section */

/* Begin PBXFrameworksBuildPhase section */
		A91D867B1DAC7C1A00AF7342 /* Frameworks */ = {
			isa = PBXFrameworksBuildPhase;
			buildActionMask = 2147483647;
			files = (
			);
			runOnlyForDeploymentPostprocessing = 0;
		};
		A91D86861DAC7C1A00AF7342 /* Frameworks */ = {
			isa = PBXFrameworksBuildPhase;
			buildActionMask = 2147483647;
			files = (
				A91D868A1DAC7C1A00AF7342 /* KBView.framework in Frameworks */,
			);
			runOnlyForDeploymentPostprocessing = 0;
		};
/* End PBXFrameworksBuildPhase section */

/* Begin PBXGroup section */
		A91D86751DAC7C1A00AF7342 = {
			isa = PBXGroup;
			children = (
				A91D86811DAC7C1A00AF7342 /* KBView */,
				A91D868D1DAC7C1A00AF7342 /* KBViewTests */,
				A91D86801DAC7C1A00AF7342 /* Products */,
			);
			sourceTree = "<group>";
		};
		A91D86801DAC7C1A00AF7342 /* Products */ = {
			isa = PBXGroup;
			children = (
				A91D867F1DAC7C1A00AF7342 /* KBView.framework */,
				A91D86891DAC7C1A00AF7342 /* KBViewTests.xctest */,
			);
			name = Products;
			sourceTree = "<group>";
		};
		A91D86811DAC7C1A00AF7342 /* KBView */ = {
			isa = PBXGroup;
			children = (
				A91D86A21DAC7D0800AF7342 /* CustomView */,
				A91D86821DAC7C1A00AF7342 /* KBView.h */,
				A91D86841DAC7C1A00AF7342 /* Info.plist */,
			);
			path = KBView;
			sourceTree = "<group>";
		};
		A91D868D1DAC7C1A00AF7342 /* KBViewTests */ = {
			isa = PBXGroup;
			children = (
				A91D868E1DAC7C1A00AF7342 /* KBViewTests.m */,
				A91D86901DAC7C1A00AF7342 /* Info.plist */,
			);
			path = KBViewTests;
			sourceTree = "<group>";
		};
		A91D86A21DAC7D0800AF7342 /* CustomView */ = {
			isa = PBXGroup;
			children = (
				A91D86A31DAC7D0800AF7342 /* KBButton */,
				A91D86A81DAC87BE00AF7342 /* KBTestView.h */,
				A91D86A91DAC87BE00AF7342 /* KBTestView.m */,
			);
			path = CustomView;
			sourceTree = "<group>";
		};
		A91D86A31DAC7D0800AF7342 /* KBButton */ = {
			isa = PBXGroup;
			children = (
				A91D86A41DAC7D0800AF7342 /* KBButton.h */,
				A91D86A51DAC7D0800AF7342 /* KBButton.m */,
			);
			path = KBButton;
			sourceTree = "<group>";
		};
/* End PBXGroup section */

/* Begin PBXHeadersBuildPhase section */
		A91D867C1DAC7C1A00AF7342 /* Headers */ = {
			isa = PBXHeadersBuildPhase;
			buildActionMask = 2147483647;
			files = (
				A91D86831DAC7C1A00AF7342 /* KBView.h in Headers */,
				A91D86A61DAC7D0800AF7342 /* KBButton.h in Headers */,
				A91D86AA1DAC87BE00AF7342 /* KBTestView.h in Headers */,
			);
			runOnlyForDeploymentPostprocessing = 0;
		};
/* End PBXHeadersBuildPhase section */

/* Begin PBXNativeTarget section */
		A91D867E1DAC7C1A00AF7342 /* KBView */ = {
			isa = PBXNativeTarget;
			buildConfigurationList = A91D86931DAC7C1A00AF7342 /* Build configuration list for PBXNativeTarget "KBView" */;
			buildPhases = (
				A91D867A1DAC7C1A00AF7342 /* Sources */,
				A91D867B1DAC7C1A00AF7342 /* Frameworks */,
				A91D867C1DAC7C1A00AF7342 /* Headers */,
				A91D867D1DAC7C1A00AF7342 /* Resources */,
			);
			buildRules = (
			);
			dependencies = (
			);
			name = KBView;
			productName = KBView;
			productReference = A91D867F1DAC7C1A00AF7342 /* KBView.framework */;
			productType = "com.apple.product-type.framework";
		};
		A91D86881DAC7C1A00AF7342 /* KBViewTests */ = {
			isa = PBXNativeTarget;
			buildConfigurationList = A91D86961DAC7C1A00AF7342 /* Build configuration list for PBXNativeTarget "KBViewTests" */;
			buildPhases = (
				A91D86851DAC7C1A00AF7342 /* Sources */,
				A91D86861DAC7C1A00AF7342 /* Frameworks */,
				A91D86871DAC7C1A00AF7342 /* Resources */,
			);
			buildRules = (
			);
			dependencies = (
				A91D868C1DAC7C1A00AF7342 /* PBXTargetDependency */,
			);
			name = KBViewTests;
			productName = KBViewTests;
			productReference = A91D86891DAC7C1A00AF7342 /* KBViewTests.xctest */;
			productType = "com.apple.product-type.bundle.unit-test";
		};
/* End PBXNativeTarget section */

/* Begin PBXProject section */
		A91D86761DAC7C1A00AF7342 /* Project object */ = {
			isa = PBXProject;
			attributes = {
				LastUpgradeCheck = 0730;
				ORGANIZATIONNAME = jinlb;
				TargetAttributes = {
					A91D867E1DAC7C1A00AF7342 = {
						CreatedOnToolsVersion = 7.3.1;
					};
					A91D86881DAC7C1A00AF7342 = {
						CreatedOnToolsVersion = 7.3.1;
					};
				};
			};
			buildConfigurationList = A91D86791DAC7C1A00AF7342 /* Build configuration list for PBXProject "KBView" */;
			compatibilityVersion = "Xcode 3.2";
			developmentRegion = English;
			hasScannedForEncodings = 0;
			knownRegions = (
				en,
			);
			mainGroup = A91D86751DAC7C1A00AF7342;
			productRefGroup = A91D86801DAC7C1A00AF7342 /* Products */;
			projectDirPath = "";
			projectRoot = "";
			targets = (
				A91D867E1DAC7C1A00AF7342 /* KBView */,
				A91D86881DAC7C1A00AF7342 /* KBViewTests */,
			);
		};
/* End PBXProject section */

/* Begin PBXResourcesBuildPhase section */
		A91D867D1DAC7C1A00AF7342 /* Resources */ = {
			isa = PBXResourcesBuildPhase;
			buildActionMask = 2147483647;
			files = (
			);
			runOnlyForDeploymentPostprocessing = 0;
		};
		A91D86871DAC7C1A00AF7342 /* Resources */ = {
			isa = PBXResourcesBuildPhase;
			buildActionMask = 2147483647;
			files = (
			);
			runOnlyForDeploymentPostprocessing = 0;
		};
/* End PBXResourcesBuildPhase section */

/* Begin PBXSourcesBuildPhase section */
		A91D867A1DAC7C1A00AF7342 /* Sources */ = {
			isa = PBXSourcesBuildPhase;
			buildActionMask = 2147483647;
			files = (
				A91D86A71DAC7D0800AF7342 /* KBButton.m in Sources */,
				A91D86AB1DAC87BE00AF7342 /* KBTestView.m in Sources */,
			);
			runOnlyForDeploymentPostprocessing = 0;
		};
		A91D86851DAC7C1A00AF7342 /* Sources */ = {
			isa = PBXSourcesBuildPhase;
			buildActionMask = 2147483647;
			files = (
				A91D868F1DAC7C1A00AF7342 /* KBViewTests.m in Sources */,
			);
			runOnlyForDeploymentPostprocessing = 0;
		};
/* End PBXSourcesBuildPhase section */

/* Begin PBXTargetDependency section */
		A91D868C1DAC7C1A00AF7342 /* PBXTargetDependency */ = {
			isa = PBXTargetDependency;
			target = A91D867E1DAC7C1A00AF7342 /* KBView */;
			targetProxy = A91D868B1DAC7C1A00AF7342 /* PBXContainerItemProxy */;
		};
/* End PBXTargetDependency section */

/* Begin XCBuildConfiguration section */
		A91D86911DAC7C1A00AF7342 /* Debug */ = {
			isa = XCBuildConfiguration;
			buildSettings = {
				ALWAYS_SEARCH_USER_PATHS = NO;
				CLANG_ANALYZER_NONNULL = YES;
				CLANG_CXX_LANGUAGE_STANDARD = "gnu++0x";
				CLANG_CXX_LIBRARY = "libc++";
				CLANG_ENABLE_MODULES = YES;
				CLANG_ENABLE_OBJC_ARC = YES;
				CLANG_WARN_BOOL_CONVERSION = YES;
				CLANG_WARN_CONSTANT_CONVERSION = YES;
				CLANG_WARN_DIRECT_OBJC_ISA_USAGE = YES_ERROR;
				CLANG_WARN_EMPTY_BODY = YES;
				CLANG_WARN_ENUM_CONVERSION = YES;
				CLANG_WARN_INT_CONVERSION = YES;
				CLANG_WARN_OBJC_ROOT_CLASS = YES_ERROR;
				CLANG_WARN_UNREACHABLE_CODE = YES;
				CLANG_WARN__DUPLICATE_METHOD_MATCH = YES;
				"CODE_SIGN_IDENTITY[sdk=iphoneos*]" = "iPhone Developer";
				COPY_PHASE_STRIP = NO;
				CURRENT_PROJECT_VERSION = 1;
				DEBUG_INFORMATION_FORMAT = dwarf;
				ENABLE_STRICT_OBJC_MSGSEND = YES;
				ENABLE_TESTABILITY = YES;
				GCC_C_LANGUAGE_STANDARD = gnu99;
				GCC_DYNAMIC_NO_PIC = NO;
				GCC_NO_COMMON_BLOCKS = YES;
				GCC_OPTIMIZATION_LEVEL = 0;
				GCC_PREPROCESSOR_DEFINITIONS = (
					"DEBUG=1",
					"$(inherited)",
				);
				GCC_WARN_64_TO_32_BIT_CONVERSION = YES;
				GCC_WARN_ABOUT_RETURN_TYPE = YES_ERROR;
				GCC_WARN_UNDECLARED_SELECTOR = YES;
				GCC_WARN_UNINITIALIZED_AUTOS = YES_AGGRESSIVE;
				GCC_WARN_UNUSED_FUNCTION = YES;
				GCC_WARN_UNUSED_VARIABLE = YES;
				IPHONEOS_DEPLOYMENT_TARGET = 9.3;
				MTL_ENABLE_DEBUG_INFO = YES;
				ONLY_ACTIVE_ARCH = YES;
				SDKROOT = iphoneos;
				TARGETED_DEVICE_FAMILY = "1,2";
				VERSIONING_SYSTEM = "apple-generic";
				VERSION_INFO_PREFIX = "";
			};
			name = Debug;
		};
		A91D86921DAC7C1A00AF7342 /* Release */ = {
			isa = XCBuildConfiguration;
			buildSettings = {
				ALWAYS_SEARCH_USER_PATHS = NO;
				CLANG_ANALYZER_NONNULL = YES;
				CLANG_CXX_LANGUAGE_STANDARD = "gnu++0x";
				CLANG_CXX_LIBRARY = "libc++";
				CLANG_ENABLE_MODULES = YES;
				CLANG_ENABLE_OBJC_ARC = YES;
				CLANG_WARN_BOOL_CONVERSION = YES;
				CLANG_WARN_CONSTANT_CONVERSION = YES;
				CLANG_WARN_DIRECT_OBJC_ISA_USAGE = YES_ERROR;
				CLANG_WARN_EMPTY_BODY = YES;
				CLANG_WARN_ENUM_CONVERSION = YES;
				CLANG_WARN_INT_CONVERSION = YES;
				CLANG_WARN_OBJC_ROOT_CLASS = YES_ERROR;
				CLANG_WARN_UNREACHABLE_CODE = YES;
				CLANG_WARN__DUPLICATE_METHOD_MATCH = YES;
				"CODE_SIGN_IDENTITY[sdk=iphoneos*]" = "iPhone Developer";
				COPY_PHASE_STRIP = NO;
				CURRENT_PROJECT_VERSION = 1;
				DEBUG_INFORMATION_FORMAT = "dwarf-with-dsym";
				ENABLE_NS_ASSERTIONS = NO;
				ENABLE_STRICT_OBJC_MSGSEND = YES;
				GCC_C_LANGUAGE_STANDARD = gnu99;
				GCC_NO_COMMON_BLOCKS = YES;
				GCC_WARN_64_TO_32_BIT_CONVERSION = YES;
				GCC_WARN_ABOUT_RETURN_TYPE = YES_ERROR;
				GCC_WARN_UNDECLARED_SELECTOR = YES;
				GCC_WARN_UNINITIALIZED_AUTOS = YES_AGGRESSIVE;
				GCC_WARN_UNUSED_FUNCTION = YES;
				GCC_WARN_UNUSED_VARIABLE = YES;
				IPHONEOS_DEPLOYMENT_TARGET = 9.3;
				MTL_ENABLE_DEBUG_INFO = NO;
				SDKROOT = iphoneos;
				TARGETED_DEVICE_FAMILY = "1,2";
				VALIDATE_PRODUCT = YES;
				VERSIONING_SYSTEM = "apple-generic";
				VERSION_INFO_PREFIX = "";
			};
			name = Release;
		};
		A91D86941DAC7C1A00AF7342 /* Debug */ = {
			isa = XCBuildConfiguration;
			buildSettings = {
				DEFINES_MODULE = YES;
				DYLIB_COMPATIBILITY_VERSION = 1;
				DYLIB_CURRENT_VERSION = 1;
				DYLIB_INSTALL_NAME_BASE = "@rpath";
				INFOPLIST_FILE = KBView/Info.plist;
				INSTALL_PATH = "$(LOCAL_LIBRARY_DIR)/Frameworks";
				LD_RUNPATH_SEARCH_PATHS = "$(inherited) @executable_path/Frameworks @loader_path/Frameworks";
				PRODUCT_BUNDLE_IDENTIFIER = com.kuaichi.KBView;
				PRODUCT_NAME = "$(TARGET_NAME)";
				SKIP_INSTALL = YES;
			};
			name = Debug;
		};
		A91D86951DAC7C1A00AF7342 /* Release */ = {
			isa = XCBuildConfiguration;
			buildSettings = {
				DEFINES_MODULE = YES;
				DYLIB_COMPATIBILITY_VERSION = 1;
				DYLIB_CURRENT_VERSION = 1;
				DYLIB_INSTALL_NAME_BASE = "@rpath";
				INFOPLIST_FILE = KBView/Info.plist;
				INSTALL_PATH = "$(LOCAL_LIBRARY_DIR)/Frameworks";
				LD_RUNPATH_SEARCH_PATHS = "$(inherited) @executable_path/Frameworks @loader_path/Frameworks";
				PRODUCT_BUNDLE_IDENTIFIER = com.kuaichi.KBView;
				PRODUCT_NAME = "$(TARGET_NAME)";
				SKIP_INSTALL = YES;
			};
			name = Release;
		};
		A91D86971DAC7C1A00AF7342 /* Debug */ = {
			isa = XCBuildConfiguration;
			buildSettings = {
				INFOPLIST_FILE = KBViewTests/Info.plist;
				LD_RUNPATH_SEARCH_PATHS = "$(inherited) @executable_path/Frameworks @loader_path/Frameworks";
				PRODUCT_BUNDLE_IDENTIFIER = com.kuaichi.KBViewTests;
				PRODUCT_NAME = "$(TARGET_NAME)";
			};
			name = Debug;
		};
		A91D86981DAC7C1A00AF7342 /* Release */ = {
			isa = XCBuildConfiguration;
			buildSettings = {
				INFOPLIST_FILE = KBViewTests/Info.plist;
				LD_RUNPATH_SEARCH_PATHS = "$(inherited) @executable_path/Frameworks @loader_path/Frameworks";
				PRODUCT_BUNDLE_IDENTIFIER = com.kuaichi.KBViewTests;
				PRODUCT_NAME = "$(TARGET_NAME)";
			};
			name = Release;
		};
/* End XCBuildConfiguration section */

/* Begin XCConfigurationList section */
		A91D86791DAC7C1A00AF7342 /* Build configuration list for PBXProject "KBView" */ = {
			isa = XCConfigurationList;
			buildConfigurations = (
				A91D86911DAC7C1A00AF7342 /* Debug */,
				A91D86921DAC7C1A00AF7342 /* Release */,
			);
			defaultConfigurationIsVisible = 0;
			defaultConfigurationName = Release;
		};
		A91D86931DAC7C1A00AF7342 /* Build configuration list for PBXNativeTarget "KBView" */ = {
			isa = XCConfigurationList;
			buildConfigurations = (
				A91D86941DAC7C1A00AF7342 /* Debug */,
				A91D86951DAC7C1A00AF7342 /* Release */,
			);
			defaultConfigurationIsVisible = 0;
		};
		A91D86961DAC7C1A00AF7342 /* Build configuration list for PBXNativeTarget "KBViewTests" */ = {
			isa = XCConfigurationList;
			buildConfigurations = (
				A91D86971DAC7C1A00AF7342 /* Debug */,
				A91D86981DAC7C1A00AF7342 /* Release */,
			);
			defaultConfigurationIsVisible = 0;
		};
/* End XCConfigurationList section */
	};
	rootObject = A91D86761DAC7C1A00AF7342 /* Project object */;
}
